{
  "name": "crew-components",
  "version": "0.1.0",
  "lockfileVersion": 2,
  "requires": true,
  "packages": {
    "": {
      "name": "crew-components",
      "version": "0.1.0",
      "license": "ISC",
      "dependencies": {
        "@iconify-json/gi": "averrin/iconify-game-icons",
        "class-transformer": "^0.5.1",
        "consola": "^2.15.3",
        "fast-sort": "^3.2.0",
        "filtrex": "^3.0.0",
        "svelte-color-picker": "^1.0.7",
        "svelte-copy-to-clipboard": "^0.2.5",
        "svelte-select": "5.0.0-beta.14",
        "uuid": "^8.3.2"
      },
      "devDependencies": {
        "svelte-range-slider-pips": "^2.0.3"
      }
    },
    "node_modules/@iconify-json/gi": {
      "version": "1.0.0",
      "resolved": "git+ssh://git@github.com/averrin/iconify-game-icons.git#0036eb52fcef09622191971307c6d29fcf957531",
      "dependencies": {
        "@iconify/types": "*"
      }
    },
    "node_modules/@iconify/types": {
      "version": "2.0.0",
      "resolved": "https://registry.npmjs.org/@iconify/types/-/types-2.0.0.tgz",
      "integrity": "sha512-+wluvCrRhXrhyOmRDJ3q8mux9JkKy5SJ/v8ol2tu4FVjyYvtEzkc/3pK15ET6RKg4b4w4BmTk1+gsCUhf21Ykg=="
    },
    "node_modules/@polka/url": {
      "version": "0.5.0",
      "resolved": "https://registry.npmjs.org/@polka/url/-/url-0.5.0.tgz",
      "integrity": "sha512-oZLYFEAzUKyi3SKnXvj32ZCEGH6RDnao7COuCVhDydMS9NrCSVXhM79VaKyP5+Zc33m0QXEd2DN3UkU7OsHcfw=="
    },
    "node_modules/class-transformer": {
      "version": "0.5.1",
      "resolved": "https://registry.npmjs.org/class-transformer/-/class-transformer-0.5.1.tgz",
      "integrity": "sha512-SQa1Ws6hUbfC98vKGxZH3KFY0Y1lm5Zm0SY8XX9zbK7FJCyVEac3ATW0RIpwzW+oOfmHE5PMPufDG9hCfoEOMw=="
    },
    "node_modules/consola": {
      "version": "2.15.3",
      "resolved": "https://registry.npmjs.org/consola/-/consola-2.15.3.tgz",
      "integrity": "sha512-9vAdYbHj6x2fLKC4+oPH0kFzY/orMZyG2Aj+kNylHxKGJ/Ed4dpNyAQYwJOdqO4zdM7XpVHmyejQDcQHrnuXbw=="
    },
    "node_modules/console-clear": {
      "version": "1.1.1",
      "resolved": "https://registry.npmjs.org/console-clear/-/console-clear-1.1.1.tgz",
      "integrity": "sha512-pMD+MVR538ipqkG5JXeOEbKWS5um1H4LUUccUQG68qpeqBYbzYy79Gh55jkd2TtPdRfUaLWdv6LPP//5Zt0aPQ==",
      "engines": {
        "node": ">=4"
      }
    },
    "node_modules/fast-sort": {
      "version": "3.2.0",
      "resolved": "https://registry.npmjs.org/fast-sort/-/fast-sort-3.2.0.tgz",
      "integrity": "sha512-EgQtkmWo2Icq6uei57fTrZAKayL9b4OISU1613737AuLcIbAZ57tcOtGaK2A7zO54kk97wOnSw6INDA++rjMAQ=="
    },
    "node_modules/filtrex": {
      "version": "3.0.0",
      "resolved": "https://registry.npmjs.org/filtrex/-/filtrex-3.0.0.tgz",
      "integrity": "sha512-7PUty9Bq+shxb6r1QVo0AmwJVY59HNN76YUD5TIkjtyG6nNhWPTe6dJVq4TKaGdl/V329ayG6rHK1sA31Hmz8Q=="
    },
    "node_modules/get-port": {
      "version": "3.2.0",
      "resolved": "https://registry.npmjs.org/get-port/-/get-port-3.2.0.tgz",
      "integrity": "sha512-x5UJKlgeUiNT8nyo/AcnwLnZuZNcSjSw0kogRB+Whd1fjjFq4B1hySFxSFWWSn4mIBzg3sRNUDFYc4g5gjPoLg==",
      "engines": {
        "node": ">=4"
      }
    },
    "node_modules/kleur": {
      "version": "3.0.3",
      "resolved": "https://registry.npmjs.org/kleur/-/kleur-3.0.3.tgz",
      "integrity": "sha512-eTIzlVOSUR+JxdDFepEYcBMtZ9Qqdef+rnzWdRZuMbOywu5tO2w2N7rqjoANZ5k9vywhL6Br1VRjUIgTQx4E8w==",
      "engines": {
        "node": ">=6"
      }
    },
    "node_modules/local-access": {
      "version": "1.1.0",
      "resolved": "https://registry.npmjs.org/local-access/-/local-access-1.1.0.tgz",
      "integrity": "sha512-XfegD5pyTAfb+GY6chk283Ox5z8WexG56OvM06RWLpAc/UHozO8X6xAxEkIitZOtsSMM1Yr3DkHgW5W+onLhCw==",
      "engines": {
        "node": ">=6"
      }
    },
    "node_modules/mime": {
      "version": "2.6.0",
      "resolved": "https://registry.npmjs.org/mime/-/mime-2.6.0.tgz",
      "integrity": "sha512-USPkMeET31rOMiarsBNIHZKLGgvKc/LrjofAnBlOttf5ajRvqiRA8QsenbcooctK6d6Ts6aqZXBA+XbkKthiQg==",
      "bin": {
        "mime": "cli.js"
      },
      "engines": {
        "node": ">=4.0.0"
      }
    },
    "node_modules/mri": {
      "version": "1.2.0",
      "resolved": "https://registry.npmjs.org/mri/-/mri-1.2.0.tgz",
      "integrity": "sha512-tzzskb3bG8LvYGFF/mDTpq3jpI6Q9wc3LEmBaghu+DdCssd1FakN7Bc0hVNmEyGq1bq3RgfkCb3cmQLpNPOroA==",
      "engines": {
        "node": ">=4"
      }
    },
    "node_modules/sade": {
      "version": "1.8.1",
      "resolved": "https://registry.npmjs.org/sade/-/sade-1.8.1.tgz",
      "integrity": "sha512-xal3CZX1Xlo/k4ApwCFrHVACi9fBqJ7V+mwhBsuf/1IOKbBy098Fex+Wa/5QMubw09pSZ/u8EY8PWgevJsXp1A==",
      "dependencies": {
        "mri": "^1.1.0"
      },
      "engines": {
        "node": ">=6"
      }
    },
    "node_modules/sirv": {
      "version": "0.4.6",
      "resolved": "https://registry.npmjs.org/sirv/-/sirv-0.4.6.tgz",
      "integrity": "sha512-rYpOXlNbpHiY4nVXxuDf4mXPvKz1reZGap/LkWp9TvcZ84qD/nPBjjH/6GZsgIjVMbOslnY8YYULAyP8jMn1GQ==",
      "dependencies": {
        "@polka/url": "^0.5.0",
        "mime": "^2.3.1"
      },
      "engines": {
        "node": ">= 6"
      }
    },
    "node_modules/sirv-cli": {
      "version": "0.4.6",
      "resolved": "https://registry.npmjs.org/sirv-cli/-/sirv-cli-0.4.6.tgz",
      "integrity": "sha512-/Vj85/kBvPL+n9ibgX6FicLE8VjidC1BhlX67PYPBfbBAphzR6i0k0HtU5c2arejfU3uzq8l3SYPCwl1x7z6Ww==",
      "dependencies": {
        "console-clear": "^1.1.0",
        "get-port": "^3.2.0",
        "kleur": "^3.0.0",
        "local-access": "^1.0.1",
        "sade": "^1.4.0",
        "sirv": "^0.4.6",
        "tinydate": "^1.0.0"
      },
      "bin": {
        "sirv": "index.js"
      },
      "engines": {
        "node": ">= 6"
      }
    },
    "node_modules/svelte-color-picker": {
      "version": "1.0.7",
      "resolved": "https://registry.npmjs.org/svelte-color-picker/-/svelte-color-picker-1.0.7.tgz",
      "integrity": "sha512-Xu5efoJKPEouO+rSLkbVR/0EI4ewzO2PgtapC7FdvPlYaCykdqm7YvsoTLaTSNdIljoBtHzNaYgtYxc/ThL5+w==",
      "dependencies": {
        "sirv-cli": "^0.4.4"
      }
    },
    "node_modules/svelte-copy-to-clipboard": {
      "version": "0.2.5",
      "resolved": "https://registry.npmjs.org/svelte-copy-to-clipboard/-/svelte-copy-to-clipboard-0.2.5.tgz",
      "integrity": "sha512-EAULxib4pRa59nyz25dDKITgSAVkrNVojRZVCSO8MIFd5GJljghJaCTIe/7R+O3GxKYIwJ3XHDNoY1hfjJeyEg=="
    },
    "node_modules/svelte-range-slider-pips": {
      "version": "2.0.3",
      "resolved": "https://registry.npmjs.org/svelte-range-slider-pips/-/svelte-range-slider-pips-2.0.3.tgz",
      "integrity": "sha512-43zYhIZtGZywiS0nJPAFDfQipDz8Hs2lpj6gVU8WbC+NSu0Lu8VINHjDazeLpoa9X/3rMlaVGT2lPO2aTfLc6w==",
      "dev": true
    },
    "node_modules/svelte-select": {
      "version": "5.0.0-beta.14",
      "resolved": "https://registry.npmjs.org/svelte-select/-/svelte-select-5.0.0-beta.14.tgz",
      "integrity": "sha512-ICs0gjTZDv8yMnUjJY53DYGEV8xVbXa93WIWlczEOujRgEzIMAxAA2m7aIv9GCu7VWh2Pd/7gDJZUF5Dy/FSbw=="
    },
    "node_modules/tinydate": {
      "version": "1.3.0",
      "resolved": "https://registry.npmjs.org/tinydate/-/tinydate-1.3.0.tgz",
      "integrity": "sha512-7cR8rLy2QhYHpsBDBVYnnWXm8uRTr38RoZakFSW7Bs7PzfMPNZthuMLkwqZv7MTu8lhQ91cOFYS5a7iFj2oR3w==",
      "engines": {
        "node": ">=4"
      }
    },
    "node_modules/uuid": {
      "version": "8.3.2",
      "resolved": "https://registry.npmjs.org/uuid/-/uuid-8.3.2.tgz",
      "integrity": "sha512-+NYs2QeMWy+GWFOEm9xnn6HCDp0l7QBD7ml8zLUmJ+93Q5NF0NocErnwkTkXVFNiX3/fpC6afS8Dhb/gz7R7eg==",
      "bin": {
        "uuid": "dist/bin/uuid"
      }
    }
  },
  "dependencies": {
    "@iconify-json/gi": {
      "version": "git+ssh://git@github.com/averrin/iconify-game-icons.git#0036eb52fcef09622191971307c6d29fcf957531",
      "from": "@iconify-json/gi@averrin/iconify-game-icons",
      "requires": {
        "@iconify/types": "*"
      }
    },
    "@iconify/types": {
      "version": "2.0.0",
      "resolved": "https://registry.npmjs.org/@iconify/types/-/types-2.0.0.tgz",
      "integrity": "sha512-+wluvCrRhXrhyOmRDJ3q8mux9JkKy5SJ/v8ol2tu4FVjyYvtEzkc/3pK15ET6RKg4b4w4BmTk1+gsCUhf21Ykg=="
    },
    "@polka/url": {
      "version": "0.5.0",
      "resolved": "https://registry.npmjs.org/@polka/url/-/url-0.5.0.tgz",
      "integrity": "sha512-oZLYFEAzUKyi3SKnXvj32ZCEGH6RDnao7COuCVhDydMS9NrCSVXhM79VaKyP5+Zc33m0QXEd2DN3UkU7OsHcfw=="
    },
    "class-transformer": {
      "version": "0.5.1",
      "resolved": "https://registry.npmjs.org/class-transformer/-/class-transformer-0.5.1.tgz",
      "integrity": "sha512-SQa1Ws6hUbfC98vKGxZH3KFY0Y1lm5Zm0SY8XX9zbK7FJCyVEac3ATW0RIpwzW+oOfmHE5PMPufDG9hCfoEOMw=="
    },
    "consola": {
      "version": "2.15.3",
      "resolved": "https://registry.npmjs.org/consola/-/consola-2.15.3.tgz",
      "integrity": "sha512-9vAdYbHj6x2fLKC4+oPH0kFzY/orMZyG2Aj+kNylHxKGJ/Ed4dpNyAQYwJOdqO4zdM7XpVHmyejQDcQHrnuXbw=="
    },
    "console-clear": {
      "version": "1.1.1",
      "resolved": "https://registry.npmjs.org/console-clear/-/console-clear-1.1.1.tgz",
      "integrity": "sha512-pMD+MVR538ipqkG5JXeOEbKWS5um1H4LUUccUQG68qpeqBYbzYy79Gh55jkd2TtPdRfUaLWdv6LPP//5Zt0aPQ=="
    },
    "fast-sort": {
      "version": "3.2.0",
      "resolved": "https://registry.npmjs.org/fast-sort/-/fast-sort-3.2.0.tgz",
      "integrity": "sha512-EgQtkmWo2Icq6uei57fTrZAKayL9b4OISU1613737AuLcIbAZ57tcOtGaK2A7zO54kk97wOnSw6INDA++rjMAQ=="
    },
    "filtrex": {
      "version": "3.0.0",
      "resolved": "https://registry.npmjs.org/filtrex/-/filtrex-3.0.0.tgz",
      "integrity": "sha512-7PUty9Bq+shxb6r1QVo0AmwJVY59HNN76YUD5TIkjtyG6nNhWPTe6dJVq4TKaGdl/V329ayG6rHK1sA31Hmz8Q=="
    },
    "get-port": {
      "version": "3.2.0",
      "resolved": "https://registry.npmjs.org/get-port/-/get-port-3.2.0.tgz",
      "integrity": "sha512-x5UJKlgeUiNT8nyo/AcnwLnZuZNcSjSw0kogRB+Whd1fjjFq4B1hySFxSFWWSn4mIBzg3sRNUDFYc4g5gjPoLg=="
    },
    "kleur": {
      "version": "3.0.3",
      "resolved": "https://registry.npmjs.org/kleur/-/kleur-3.0.3.tgz",
      "integrity": "sha512-eTIzlVOSUR+JxdDFepEYcBMtZ9Qqdef+rnzWdRZuMbOywu5tO2w2N7rqjoANZ5k9vywhL6Br1VRjUIgTQx4E8w=="
    },
    "local-access": {
      "version": "1.1.0",
      "resolved": "https://registry.npmjs.org/local-access/-/local-access-1.1.0.tgz",
      "integrity": "sha512-XfegD5pyTAfb+GY6chk283Ox5z8WexG56OvM06RWLpAc/UHozO8X6xAxEkIitZOtsSMM1Yr3DkHgW5W+onLhCw=="
    },
    "mime": {
      "version": "2.6.0",
      "resolved": "https://registry.npmjs.org/mime/-/mime-2.6.0.tgz",
      "integrity": "sha512-USPkMeET31rOMiarsBNIHZKLGgvKc/LrjofAnBlOttf5ajRvqiRA8QsenbcooctK6d6Ts6aqZXBA+XbkKthiQg=="
    },
    "mri": {
      "version": "1.2.0",
      "resolved": "https://registry.npmjs.org/mri/-/mri-1.2.0.tgz",
      "integrity": "sha512-tzzskb3bG8LvYGFF/mDTpq3jpI6Q9wc3LEmBaghu+DdCssd1FakN7Bc0hVNmEyGq1bq3RgfkCb3cmQLpNPOroA=="
    },
    "sade": {
      "version": "1.8.1",
      "resolved": "https://registry.npmjs.org/sade/-/sade-1.8.1.tgz",
      "integrity": "sha512-xal3CZX1Xlo/k4ApwCFrHVACi9fBqJ7V+mwhBsuf/1IOKbBy098Fex+Wa/5QMubw09pSZ/u8EY8PWgevJsXp1A==",
      "requires": {
        "mri": "^1.1.0"
      }
    },
    "sirv": {
      "version": "0.4.6",
      "resolved": "https://registry.npmjs.org/sirv/-/sirv-0.4.6.tgz",
      "integrity": "sha512-rYpOXlNbpHiY4nVXxuDf4mXPvKz1reZGap/LkWp9TvcZ84qD/nPBjjH/6GZsgIjVMbOslnY8YYULAyP8jMn1GQ==",
      "requires": {
        "@polka/url": "^0.5.0",
        "mime": "^2.3.1"
      }
    },
    "sirv-cli": {
      "version": "0.4.6",
      "resolved": "https://registry.npmjs.org/sirv-cli/-/sirv-cli-0.4.6.tgz",
      "integrity": "sha512-/Vj85/kBvPL+n9ibgX6FicLE8VjidC1BhlX67PYPBfbBAphzR6i0k0HtU5c2arejfU3uzq8l3SYPCwl1x7z6Ww==",
      "requires": {
        "console-clear": "^1.1.0",
        "get-port": "^3.2.0",
        "kleur": "^3.0.0",
        "local-access": "^1.0.1",
        "sade": "^1.4.0",
        "sirv": "^0.4.6",
        "tinydate": "^1.0.0"
      }
    },
    "svelte-color-picker": {
      "version": "1.0.7",
      "resolved": "https://registry.npmjs.org/svelte-color-picker/-/svelte-color-picker-1.0.7.tgz",
      "integrity": "sha512-Xu5efoJKPEouO+rSLkbVR/0EI4ewzO2PgtapC7FdvPlYaCykdqm7YvsoTLaTSNdIljoBtHzNaYgtYxc/ThL5+w==",
      "requires": {
        "sirv-cli": "^0.4.4"
      }
    },
    "svelte-copy-to-clipboard": {
      "version": "0.2.5",
      "resolved": "https://registry.npmjs.org/svelte-copy-to-clipboard/-/svelte-copy-to-clipboard-0.2.5.tgz",
      "integrity": "sha512-EAULxib4pRa59nyz25dDKITgSAVkrNVojRZVCSO8MIFd5GJljghJaCTIe/7R+O3GxKYIwJ3XHDNoY1hfjJeyEg=="
    },
    "svelte-range-slider-pips": {
      "version": "2.0.3",
      "resolved": "https://registry.npmjs.org/svelte-range-slider-pips/-/svelte-range-slider-pips-2.0.3.tgz",
      "integrity": "sha512-43zYhIZtGZywiS0nJPAFDfQipDz8Hs2lpj6gVU8WbC+NSu0Lu8VINHjDazeLpoa9X/3rMlaVGT2lPO2aTfLc6w==",
      "dev": true
    },
    "svelte-select": {
      "version": "5.0.0-beta.14",
      "resolved": "https://registry.npmjs.org/svelte-select/-/svelte-select-5.0.0-beta.14.tgz",
      "integrity": "sha512-ICs0gjTZDv8yMnUjJY53DYGEV8xVbXa93WIWlczEOujRgEzIMAxAA2m7aIv9GCu7VWh2Pd/7gDJZUF5Dy/FSbw=="
    },
    "tinydate": {
      "version": "1.3.0",
      "resolved": "https://registry.npmjs.org/tinydate/-/tinydate-1.3.0.tgz",
      "integrity": "sha512-7cR8rLy2QhYHpsBDBVYnnWXm8uRTr38RoZakFSW7Bs7PzfMPNZthuMLkwqZv7MTu8lhQ91cOFYS5a7iFj2oR3w=="
    },
    "uuid": {
      "version": "8.3.2",
      "resolved": "https://registry.npmjs.org/uuid/-/uuid-8.3.2.tgz",
      "integrity": "sha512-+NYs2QeMWy+GWFOEm9xnn6HCDp0l7QBD7ml8zLUmJ+93Q5NF0NocErnwkTkXVFNiX3/fpC6afS8Dhb/gz7R7eg=="
    }
  }
}
